
Microsoft Visual Studio Solution File, Format Version 12.00
# Visual Studio Version 17
VisualStudioVersion = 17.9.34714.143
MinimumVisualStudioVersion = 10.0.40219.1
Project("{FAE04EC0-301F-11D3-BF4B-00C04F79EFBC}") = "Server", "Server.csproj", "{2538658F-EF3D-4CFE-9EAA-4A89A505F065}"
EndProject
Project("{FAE04EC0-301F-11D3-BF4B-00C04F79EFBC}") = "Client", "..\Client\Client.csproj", "{F2F83DB2-8B82-4020-B560-387AE4441FA5}"
EndProject
Project("{FAE04EC0-301F-11D3-BF4B-00C04F79EFBC}") = "SharedLib", "..\SharedLib\SharedLib.csproj", "{BAAA6348-49B1-4B56-82B9-01937C026B75}"
EndProject
Global
	GlobalSection(SolutionConfigurationPlatforms) = preSolution
		Debug|Any CPU = Debug|Any CPU
		Release|Any CPU = Release|Any CPU
	EndGlobalSection
	GlobalSection(ProjectConfigurationPlatforms) = postSolution
		{2538658F-EF3D-4CFE-9EAA-4A89A505F065}.Debug|Any CPU.ActiveCfg = Debug|Any CPU
		{2538658F-EF3D-4CFE-9EAA-4A89A505F065}.Debug|Any CPU.Build.0 = Debug|Any CPU
		{2538658F-EF3D-4CFE-9EAA-4A89A505F065}.Release|Any CPU.ActiveCfg = Release|Any CPU
		{2538658F-EF3D-4CFE-9EAA-4A89A505F065}.Release|Any CPU.Build.0 = Release|Any CPU
		{F2F83DB2-8B82-4020-B560-387AE4441FA5}.Debug|Any CPU.ActiveCfg = Debug|Any CPU
		{F2F83DB2-8B82-4020-B560-387AE4441FA5}.Debug|Any CPU.Build.0 = Debug|Any CPU
		{F2F83DB2-8B82-4020-B560-387AE4441FA5}.Release|Any CPU.ActiveCfg = Release|Any CPU
		{F2F83DB2-8B82-4020-B560-387AE4441FA5}.Release|Any CPU.Build.0 = Release|Any CPU
		{BAAA6348-49B1-4B56-82B9-01937C026B75}.Debug|Any CPU.ActiveCfg = Debug|Any CPU
		{BAAA6348-49B1-4B56-82B9-01937C026B75}.Debug|Any CPU.Build.0 = Debug|Any CPU
		{BAAA6348-49B1-4B56-82B9-01937C026B75}.Release|Any CPU.ActiveCfg = Release|Any CPU
		{BAAA6348-49B1-4B56-82B9-01937C026B75}.Release|Any CPU.Build.0 = Release|Any CPU
	EndGlobalSection
	GlobalSection(SolutionProperties) = preSolution
		HideSolutionNode = FALSE
	EndGlobalSection
	GlobalSection(ExtensibilityGlobals) = postSolution
		SolutionGuid = {BF2F4A16-C58E-464D-9526-43264D270D5E}
	EndGlobalSection
EndGlobal
